
Microsoft Visual Studio Solution File, Format Version 12.00
# Visual Studio Version 17
VisualStudioVersion = 17.9.34728.123
MinimumVisualStudioVersion = 10.0.40219.1
Project("{2150E333-8FDC-42A3-9474-1A3956D46DE8}") = "Services", "Services", "{467E863C-9C18-496C-AD91-BE12D97718B2}"
EndProject
Project("{2150E333-8FDC-42A3-9474-1A3956D46DE8}") = "Catalog", "Catalog", "{4921A0E7-9B65-4D51-8DA8-F719BB46E318}"
EndProject
Project("{9A19103F-16F7-4668-BE54-9A1E7A4F7556}") = "Catalog.API", "Services\Catalog\Catalog.API\Catalog.API.csproj", "{D53A6FA2-058F-484A-A467-FB12F3FB12FA}"
EndProject
Project("{2150E333-8FDC-42A3-9474-1A3956D46DE8}") = "BuildingBlocks", "BuildingBlocks", "{039EFD06-772E-440A-93C2-51968A5B7A55}"
EndProject
Project("{9A19103F-16F7-4668-BE54-9A1E7A4F7556}") = "BuildingBlocks", "BuildingBlocks\BuildingBlocks\BuildingBlocks.csproj", "{B15BDB97-3F28-4487-9B25-969805642384}"
EndProject
Project("{E53339B2-1760-4266-BCC7-CA923CBCF16C}") = "docker-compose", "docker-compose.dcproj", "{32FF4E53-A2AB-418B-BDFE-C60A78703A20}"
EndProject
Project("{2150E333-8FDC-42A3-9474-1A3956D46DE8}") = "Basket", "Basket", "{39C27E0A-30C5-440B-A1AA-971B1A0FE14C}"
EndProject
Project("{9A19103F-16F7-4668-BE54-9A1E7A4F7556}") = "Basket.API", "Services\Basket\Basket.API\Basket.API.csproj", "{08A058DB-2019-4270-A770-492F0E5EE2F2}"
EndProject
Project("{2150E333-8FDC-42A3-9474-1A3956D46DE8}") = "Discount", "Discount", "{C9EE1C22-DA1E-43D3-B520-3D4B5B95332D}"
EndProject
Project("{9A19103F-16F7-4668-BE54-9A1E7A4F7556}") = "Discount.Grpc", "Services\Discount\Discount.Grpc\Discount.Grpc.csproj", "{4F6FEE22-75A2-4675-A0CD-FEE073DA08B4}"
EndProject
Project("{2150E333-8FDC-42A3-9474-1A3956D46DE8}") = "Ordering", "Ordering", "{06A48D12-E0C3-4FB9-A7E6-14C8C55252CB}"
EndProject
Project("{9A19103F-16F7-4668-BE54-9A1E7A4F7556}") = "Ordering.API", "Services\Ordering\Ordering.API\Ordering.API.csproj", "{5C7EB377-FFA1-439E-96FD-68E162D68971}"
EndProject
Project("{9A19103F-16F7-4668-BE54-9A1E7A4F7556}") = "Ordering.Domain", "Services\Ordering\Ordering.Domain\Ordering.Domain.csproj", "{5836B9F5-BDAC-4D1E-8284-FE076BB8216F}"
EndProject
Project("{9A19103F-16F7-4668-BE54-9A1E7A4F7556}") = "Ordering.Application", "Services\Ordering\Ordering.Application\Ordering.Application.csproj", "{C2F67C23-C811-4A8B-8980-A72A28990B2C}"
EndProject
Project("{9A19103F-16F7-4668-BE54-9A1E7A4F7556}") = "Ordering.Infrastructure", "Services\Ordering\Ordering.Infrastructure\Ordering.Infrastructure.csproj", "{F7881D72-782D-4BE4-BF24-E93912B5A20F}"
EndProject
Project("{9A19103F-16F7-4668-BE54-9A1E7A4F7556}") = "BuildingBlocks.Messaging", "BuildingBlocks\BuildingBlocks.Messaging\BuildingBlocks.Messaging.csproj", "{8967F668-CE62-4C72-BF06-4D10FEFA23B0}"
EndProject
Project("{2150E333-8FDC-42A3-9474-1A3956D46DE8}") = "ApiGateways", "ApiGateways", "{FB894C1C-CDE4-4A67-8811-351481535520}"
EndProject
Project("{9A19103F-16F7-4668-BE54-9A1E7A4F7556}") = "YarpApiGateway", "ApiGateways\YarpApiGateway\YarpApiGateway.csproj", "{DFA317B6-A86E-4EB6-B383-B55EFAEBD0C6}"
EndProject
Project("{2150E333-8FDC-42A3-9474-1A3956D46DE8}") = "WebApps", "WebApps", "{C9B5D9A7-F9CC-43C9-841A-1FE0D30E683F}"
EndProject
Project("{FAE04EC0-301F-11D3-BF4B-00C04F79EFBC}") = "Shopping.Web", "WebApps\Shopping.Web\Shopping.Web.csproj", "{B1A5F064-ADC6-40B2-A5C7-BE3DAD89C26F}"
EndProject
Global
	GlobalSection(SolutionConfigurationPlatforms) = preSolution
		Debug|Any CPU = Debug|Any CPU
		Release|Any CPU = Release|Any CPU
	EndGlobalSection
	GlobalSection(ProjectConfigurationPlatforms) = postSolution
		{D53A6FA2-058F-484A-A467-FB12F3FB12FA}.Debug|Any CPU.ActiveCfg = Debug|Any CPU
		{D53A6FA2-058F-484A-A467-FB12F3FB12FA}.Debug|Any CPU.Build.0 = Debug|Any CPU
		{D53A6FA2-058F-484A-A467-FB12F3FB12FA}.Release|Any CPU.ActiveCfg = Release|Any CPU
		{D53A6FA2-058F-484A-A467-FB12F3FB12FA}.Release|Any CPU.Build.0 = Release|Any CPU
		{B15BDB97-3F28-4487-9B25-969805642384}.Debug|Any CPU.ActiveCfg = Debug|Any CPU
		{B15BDB97-3F28-4487-9B25-969805642384}.Debug|Any CPU.Build.0 = Debug|Any CPU
		{B15BDB97-3F28-4487-9B25-969805642384}.Release|Any CPU.ActiveCfg = Release|Any CPU
		{B15BDB97-3F28-4487-9B25-969805642384}.Release|Any CPU.Build.0 = Release|Any CPU
		{32FF4E53-A2AB-418B-BDFE-C60A78703A20}.Debug|Any CPU.ActiveCfg = Debug|Any CPU
		{32FF4E53-A2AB-418B-BDFE-C60A78703A20}.Debug|Any CPU.Build.0 = Debug|Any CPU
		{32FF4E53-A2AB-418B-BDFE-C60A78703A20}.Release|Any CPU.ActiveCfg = Release|Any CPU
		{32FF4E53-A2AB-418B-BDFE-C60A78703A20}.Release|Any CPU.Build.0 = Release|Any CPU
		{08A058DB-2019-4270-A770-492F0E5EE2F2}.Debug|Any CPU.ActiveCfg = Debug|Any CPU
		{08A058DB-2019-4270-A770-492F0E5EE2F2}.Debug|Any CPU.Build.0 = Debug|Any CPU
		{08A058DB-2019-4270-A770-492F0E5EE2F2}.Release|Any CPU.ActiveCfg = Release|Any CPU
		{08A058DB-2019-4270-A770-492F0E5EE2F2}.Release|Any CPU.Build.0 = Release|Any CPU
		{4F6FEE22-75A2-4675-A0CD-FEE073DA08B4}.Debug|Any CPU.ActiveCfg = Debug|Any CPU
		{4F6FEE22-75A2-4675-A0CD-FEE073DA08B4}.Debug|Any CPU.Build.0 = Debug|Any CPU
		{4F6FEE22-75A2-4675-A0CD-FEE073DA08B4}.Release|Any CPU.ActiveCfg = Release|Any CPU
		{4F6FEE22-75A2-4675-A0CD-FEE073DA08B4}.Release|Any CPU.Build.0 = Release|Any CPU
		{5C7EB377-FFA1-439E-96FD-68E162D68971}.Debug|Any CPU.ActiveCfg = Debug|Any CPU
		{5C7EB377-FFA1-439E-96FD-68E162D68971}.Debug|Any CPU.Build.0 = Debug|Any CPU
		{5C7EB377-FFA1-439E-96FD-68E162D68971}.Release|Any CPU.ActiveCfg = Release|Any CPU
		{5C7EB377-FFA1-439E-96FD-68E162D68971}.Release|Any CPU.Build.0 = Release|Any CPU
		{5836B9F5-BDAC-4D1E-8284-FE076BB8216F}.Debug|Any CPU.ActiveCfg = Debug|Any CPU
		{5836B9F5-BDAC-4D1E-8284-FE076BB8216F}.Debug|Any CPU.Build.0 = Debug|Any CPU
		{5836B9F5-BDAC-4D1E-8284-FE076BB8216F}.Release|Any CPU.ActiveCfg = Release|Any CPU
		{5836B9F5-BDAC-4D1E-8284-FE076BB8216F}.Release|Any CPU.Build.0 = Release|Any CPU
		{C2F67C23-C811-4A8B-8980-A72A28990B2C}.Debug|Any CPU.ActiveCfg = Debug|Any CPU
		{C2F67C23-C811-4A8B-8980-A72A28990B2C}.Debug|Any CPU.Build.0 = Debug|Any CPU
		{C2F67C23-C811-4A8B-8980-A72A28990B2C}.Release|Any CPU.ActiveCfg = Release|Any CPU
		{C2F67C23-C811-4A8B-8980-A72A28990B2C}.Release|Any CPU.Build.0 = Release|Any CPU
		{F7881D72-782D-4BE4-BF24-E93912B5A20F}.Debug|Any CPU.ActiveCfg = Debug|Any CPU
		{F7881D72-782D-4BE4-BF24-E93912B5A20F}.Debug|Any CPU.Build.0 = Debug|Any CPU
		{F7881D72-782D-4BE4-BF24-E93912B5A20F}.Release|Any CPU.ActiveCfg = Release|Any CPU
		{F7881D72-782D-4BE4-BF24-E93912B5A20F}.Release|Any CPU.Build.0 = Release|Any CPU
		{8967F668-CE62-4C72-BF06-4D10FEFA23B0}.Debug|Any CPU.ActiveCfg = Debug|Any CPU
		{8967F668-CE62-4C72-BF06-4D10FEFA23B0}.Debug|Any CPU.Build.0 = Debug|Any CPU
		{8967F668-CE62-4C72-BF06-4D10FEFA23B0}.Release|Any CPU.ActiveCfg = Release|Any CPU
		{8967F668-CE62-4C72-BF06-4D10FEFA23B0}.Release|Any CPU.Build.0 = Release|Any CPU
		{DFA317B6-A86E-4EB6-B383-B55EFAEBD0C6}.Debug|Any CPU.ActiveCfg = Debug|Any CPU
		{DFA317B6-A86E-4EB6-B383-B55EFAEBD0C6}.Debug|Any CPU.Build.0 = Debug|Any CPU
		{DFA317B6-A86E-4EB6-B383-B55EFAEBD0C6}.Release|Any CPU.ActiveCfg = Release|Any CPU
		{DFA317B6-A86E-4EB6-B383-B55EFAEBD0C6}.Release|Any CPU.Build.0 = Release|Any CPU
		{B1A5F064-ADC6-40B2-A5C7-BE3DAD89C26F}.Debug|Any CPU.ActiveCfg = Debug|Any CPU
		{B1A5F064-ADC6-40B2-A5C7-BE3DAD89C26F}.Debug|Any CPU.Build.0 = Debug|Any CPU
		{B1A5F064-ADC6-40B2-A5C7-BE3DAD89C26F}.Release|Any CPU.ActiveCfg = Release|Any CPU
		{B1A5F064-ADC6-40B2-A5C7-BE3DAD89C26F}.Release|Any CPU.Build.0 = Release|Any CPU
	EndGlobalSection
	GlobalSection(SolutionProperties) = preSolution
		HideSolutionNode = FALSE
	EndGlobalSection
	GlobalSection(NestedProjects) = preSolution
		{4921A0E7-9B65-4D51-8DA8-F719BB46E318} = {467E863C-9C18-496C-AD91-BE12D97718B2}
		{D53A6FA2-058F-484A-A467-FB12F3FB12FA} = {4921A0E7-9B65-4D51-8DA8-F719BB46E318}
		{B15BDB97-3F28-4487-9B25-969805642384} = {039EFD06-772E-440A-93C2-51968A5B7A55}
		{39C27E0A-30C5-440B-A1AA-971B1A0FE14C} = {467E863C-9C18-496C-AD91-BE12D97718B2}
		{08A058DB-2019-4270-A770-492F0E5EE2F2} = {39C27E0A-30C5-440B-A1AA-971B1A0FE14C}
		{C9EE1C22-DA1E-43D3-B520-3D4B5B95332D} = {467E863C-9C18-496C-AD91-BE12D97718B2}
		{4F6FEE22-75A2-4675-A0CD-FEE073DA08B4} = {C9EE1C22-DA1E-43D3-B520-3D4B5B95332D}
		{06A48D12-E0C3-4FB9-A7E6-14C8C55252CB} = {467E863C-9C18-496C-AD91-BE12D97718B2}
		{5C7EB377-FFA1-439E-96FD-68E162D68971} = {06A48D12-E0C3-4FB9-A7E6-14C8C55252CB}
		{5836B9F5-BDAC-4D1E-8284-FE076BB8216F} = {06A48D12-E0C3-4FB9-A7E6-14C8C55252CB}
		{C2F67C23-C811-4A8B-8980-A72A28990B2C} = {06A48D12-E0C3-4FB9-A7E6-14C8C55252CB}
		{F7881D72-782D-4BE4-BF24-E93912B5A20F} = {06A48D12-E0C3-4FB9-A7E6-14C8C55252CB}
		{8967F668-CE62-4C72-BF06-4D10FEFA23B0} = {039EFD06-772E-440A-93C2-51968A5B7A55}
		{DFA317B6-A86E-4EB6-B383-B55EFAEBD0C6} = {FB894C1C-CDE4-4A67-8811-351481535520}
		{B1A5F064-ADC6-40B2-A5C7-BE3DAD89C26F} = {C9B5D9A7-F9CC-43C9-841A-1FE0D30E683F}
	EndGlobalSection
	GlobalSection(ExtensibilityGlobals) = postSolution
		SolutionGuid = {2B87EE76-8A1B-42E9-9664-D08ECF51B1C1}
	EndGlobalSection
EndGlobal
